
Microsoft Visual Studio Solution File, Format Version 12.00
# Visual Studio Version 17
VisualStudioVersion = 17.7.34003.232
MinimumVisualStudioVersion = 10.0.40219.1
Project("{9A19103F-16F7-4668-BE54-9A1E7A4F7556}") = "ProjetoBancoAda", "ProjetoBancoGabi\ProjetoBancoAda.csproj", "{7D11B11E-8060-4E9D-8806-7CD86202FED0}"
EndProject
Global
	GlobalSection(SolutionConfigurationPlatforms) = preSolution
		Debug|Any CPU = Debug|Any CPU
		Release|Any CPU = Release|Any CPU
	EndGlobalSection
	GlobalSection(ProjectConfigurationPlatforms) = postSolution
		{7D11B11E-8060-4E9D-8806-7CD86202FED0}.Debug|Any CPU.ActiveCfg = Debug|Any CPU
		{7D11B11E-8060-4E9D-8806-7CD86202FED0}.Debug|Any CPU.Build.0 = Debug|Any CPU
		{7D11B11E-8060-4E9D-8806-7CD86202FED0}.Release|Any CPU.ActiveCfg = Release|Any CPU
		{7D11B11E-8060-4E9D-8806-7CD86202FED0}.Release|Any CPU.Build.0 = Release|Any CPU
	EndGlobalSection
	GlobalSection(SolutionProperties) = preSolution
		HideSolutionNode = FALSE
	EndGlobalSection
	GlobalSection(ExtensibilityGlobals) = postSolution
		SolutionGuid = {BD30A0BB-B48A-4952-AA9A-48E6F2B55D65}
	EndGlobalSection
EndGlobal
